// !$*UTF8*$!
{
	archiveVersion = 1;
	classes = {
	};
	objectVersion = 70;
	objects = {

/* Begin PBXBuildFile section */
		3729F5392CD6B790003EFE7E /* ToolbarView.swift in Sources */ = {isa = PBXBuildFile; fileRef = 3729F5382CD6B790003EFE7E /* ToolbarView.swift */; };
		3729F55F2CD6C9D3003EFE7E /* PhaseTimeView.swift in Sources */ = {isa = PBXBuildFile; fileRef = 3729F55E2CD6C9D3003EFE7E /* PhaseTimeView.swift */; };
		3729F5612CD6CECB003EFE7E /* SettingsView.swift in Sources */ = {isa = PBXBuildFile; fileRef = 3729F5602CD6CECB003EFE7E /* SettingsView.swift */; };
		A652AB6F2CD6D19C0034D16C /* LobbyView.swift in Sources */ = {isa = PBXBuildFile; fileRef = A652AB6E2CD6D19C0034D16C /* LobbyView.swift */; };
		A6F60B272CD6AB420010C7BB /* MapView.swift in Sources */ = {isa = PBXBuildFile; fileRef = A6F60B262CD6AB420010C7BB /* MapView.swift */; };
		FE1681F42CD68D2A00B6367C /* MissileGameApp.swift in Sources */ = {isa = PBXBuildFile; fileRef = FE1681F32CD68D2A00B6367C /* MissileGameApp.swift */; };
		FE1681F62CD68D2A00B6367C /* ContentView.swift in Sources */ = {isa = PBXBuildFile; fileRef = FE1681F52CD68D2A00B6367C /* ContentView.swift */; };
		FE1681F82CD68D2B00B6367C /* Assets.xcassets in Resources */ = {isa = PBXBuildFile; fileRef = FE1681F72CD68D2B00B6367C /* Assets.xcassets */; };
		FE1681FB2CD68D2B00B6367C /* Preview Assets.xcassets in Resources */ = {isa = PBXBuildFile; fileRef = FE1681FA2CD68D2B00B6367C /* Preview Assets.xcassets */; };
/* End PBXBuildFile section */

/* Begin PBXFileReference section */
		0DD7185F2CD69ABB00E1E781 /* Info.plist */ = {isa = PBXFileReference; lastKnownFileType = text.plist; path = Info.plist; sourceTree = "<group>"; };
		0DD718602CD69B0400E1E781 /* MissileGame.entitlements */ = {isa = PBXFileReference; lastKnownFileType = text.plist.entitlements; path = MissileGame.entitlements; sourceTree = "<group>"; };
		3729F5382CD6B790003EFE7E /* ToolbarView.swift */ = {isa = PBXFileReference; lastKnownFileType = sourcecode.swift; path = ToolbarView.swift; sourceTree = "<group>"; };
		3729F55E2CD6C9D3003EFE7E /* PhaseTimeView.swift */ = {isa = PBXFileReference; lastKnownFileType = sourcecode.swift; path = PhaseTimeView.swift; sourceTree = "<group>"; };
		3729F5602CD6CECB003EFE7E /* SettingsView.swift */ = {isa = PBXFileReference; lastKnownFileType = sourcecode.swift; path = SettingsView.swift; sourceTree = "<group>"; };
		A652AB6E2CD6D19C0034D16C /* LobbyView.swift */ = {isa = PBXFileReference; lastKnownFileType = sourcecode.swift; path = LobbyView.swift; sourceTree = "<group>"; };
		A6F60B262CD6AB420010C7BB /* MapView.swift */ = {isa = PBXFileReference; lastKnownFileType = sourcecode.swift; path = MapView.swift; sourceTree = "<group>"; };
		FE1681F02CD68D2A00B6367C /* MissileGame.app */ = {isa = PBXFileReference; explicitFileType = wrapper.application; includeInIndex = 0; path = MissileGame.app; sourceTree = BUILT_PRODUCTS_DIR; };
		FE1681F32CD68D2A00B6367C /* MissileGameApp.swift */ = {isa = PBXFileReference; lastKnownFileType = sourcecode.swift; path = MissileGameApp.swift; sourceTree = "<group>"; };
		FE1681F52CD68D2A00B6367C /* ContentView.swift */ = {isa = PBXFileReference; lastKnownFileType = sourcecode.swift; path = ContentView.swift; sourceTree = "<group>"; };
		FE1681F72CD68D2B00B6367C /* Assets.xcassets */ = {isa = PBXFileReference; lastKnownFileType = folder.assetcatalog; path = Assets.xcassets; sourceTree = "<group>"; };
		FE1681FA2CD68D2B00B6367C /* Preview Assets.xcassets */ = {isa = PBXFileReference; lastKnownFileType = folder.assetcatalog; path = "Preview Assets.xcassets"; sourceTree = "<group>"; };
/* End PBXFileReference section */

/* Begin PBXFileSystemSynchronizedRootGroup section */
		0DC6D9CA2CD68E3A00E6DB78 /* Shared */ = {isa = PBXFileSystemSynchronizedRootGroup; explicitFileTypes = {}; explicitFolders = (); path = Shared; sourceTree = "<group>"; };
		0DD718652CD6A4E100E1E781 /* Onboarding View */ = {isa = PBXFileSystemSynchronizedRootGroup; explicitFileTypes = {}; explicitFolders = (); path = "Onboarding View"; sourceTree = "<group>"; };
/* End PBXFileSystemSynchronizedRootGroup section */

/* Begin PBXFrameworksBuildPhase section */
		FE1681ED2CD68D2A00B6367C /* Frameworks */ = {
			isa = PBXFrameworksBuildPhase;
			buildActionMask = 2147483647;
			files = (
			);
			runOnlyForDeploymentPostprocessing = 0;
		};
/* End PBXFrameworksBuildPhase section */

/* Begin PBXGroup section */
		FE1681E72CD68D2A00B6367C = {
			isa = PBXGroup;
			children = (
				FE1681F22CD68D2A00B6367C /* MissileGame */,
				FE1681F12CD68D2A00B6367C /* Products */,
			);
			sourceTree = "<group>";
		};
		FE1681F12CD68D2A00B6367C /* Products */ = {
			isa = PBXGroup;
			children = (
				FE1681F02CD68D2A00B6367C /* MissileGame.app */,
			);
			name = Products;
			sourceTree = "<group>";
		};
		FE1681F22CD68D2A00B6367C /* MissileGame */ = {
			isa = PBXGroup;
			children = (
				FE1681F92CD68D2B00B6367C /* Preview Content */,
				FE1681F72CD68D2B00B6367C /* Assets.xcassets */,
				0DD718602CD69B0400E1E781 /* MissileGame.entitlements */,
				0DD7185F2CD69ABB00E1E781 /* Info.plist */,
				FE1681F32CD68D2A00B6367C /* MissileGameApp.swift */,
				FE1681F52CD68D2A00B6367C /* ContentView.swift */,
				FE4177B02CD6C4EB0036F8C0 /* Gameplay */,
				0DD718652CD6A4E100E1E781 /* Onboarding View */,
				0DC6D9CA2CD68E3A00E6DB78 /* Shared */,
			);
			path = MissileGame;
			sourceTree = "<group>";
		};
		FE1681F92CD68D2B00B6367C /* Preview Content */ = {
			isa = PBXGroup;
			children = (
				FE1681FA2CD68D2B00B6367C /* Preview Assets.xcassets */,
			);
			path = "Preview Content";
			sourceTree = "<group>";
		};
		FE4177B02CD6C4EB0036F8C0 /* Gameplay */ = {
			isa = PBXGroup;
			children = (
				A6F60B262CD6AB420010C7BB /* MapView.swift */,
				3729F5382CD6B790003EFE7E /* ToolbarView.swift */,
				3729F55E2CD6C9D3003EFE7E /* PhaseTimeView.swift */,
				3729F5602CD6CECB003EFE7E /* SettingsView.swift */,
				A652AB6E2CD6D19C0034D16C /* LobbyView.swift */,
			);
			path = Gameplay;
			sourceTree = "<group>";
		};
/* End PBXGroup section */

/* Begin PBXNativeTarget section */
		FE1681EF2CD68D2A00B6367C /* MissileGame */ = {
			isa = PBXNativeTarget;
			buildConfigurationList = FE1681FE2CD68D2B00B6367C /* Build configuration list for PBXNativeTarget "MissileGame" */;
			buildPhases = (
				FE1681EC2CD68D2A00B6367C /* Sources */,
				FE1681ED2CD68D2A00B6367C /* Frameworks */,
				FE1681EE2CD68D2A00B6367C /* Resources */,
			);
			buildRules = (
			);
			dependencies = (
			);
			fileSystemSynchronizedGroups = (
				0DC6D9CA2CD68E3A00E6DB78 /* Shared */,
				0DD718652CD6A4E100E1E781 /* Onboarding View */,
			);
			name = MissileGame;
			productName = MissileGame;
			productReference = FE1681F02CD68D2A00B6367C /* MissileGame.app */;
			productType = "com.apple.product-type.application";
		};
/* End PBXNativeTarget section */

/* Begin PBXProject section */
		FE1681E82CD68D2A00B6367C /* Project object */ = {
			isa = PBXProject;
			attributes = {
				BuildIndependentTargetsInParallel = 1;
				LastSwiftUpdateCheck = 1540;
				LastUpgradeCheck = 1540;
				TargetAttributes = {
					FE1681EF2CD68D2A00B6367C = {
						CreatedOnToolsVersion = 15.4;
					};
				};
			};
			buildConfigurationList = FE1681EB2CD68D2A00B6367C /* Build configuration list for PBXProject "MissileGame" */;
			compatibilityVersion = "Xcode 14.0";
			developmentRegion = en;
			hasScannedForEncodings = 0;
			knownRegions = (
				en,
				Base,
			);
			mainGroup = FE1681E72CD68D2A00B6367C;
			packageReferences = (
				0DC6D9D12CD6953400E6DB78 /* XCRemoteSwiftPackageReference "Alamofire" */,
			);
			productRefGroup = FE1681F12CD68D2A00B6367C /* Products */;
			projectDirPath = "";
			projectRoot = "";
			targets = (
				FE1681EF2CD68D2A00B6367C /* MissileGame */,
			);
		};
/* End PBXProject section */

/* Begin PBXResourcesBuildPhase section */
		FE1681EE2CD68D2A00B6367C /* Resources */ = {
			isa = PBXResourcesBuildPhase;
			buildActionMask = 2147483647;
			files = (
				FE1681FB2CD68D2B00B6367C /* Preview Assets.xcassets in Resources */,
				FE1681F82CD68D2B00B6367C /* Assets.xcassets in Resources */,
			);
			runOnlyForDeploymentPostprocessing = 0;
		};
/* End PBXResourcesBuildPhase section */

/* Begin PBXSourcesBuildPhase section */
		FE1681EC2CD68D2A00B6367C /* Sources */ = {
			isa = PBXSourcesBuildPhase;
			buildActionMask = 2147483647;
			files = (
				A6F60B272CD6AB420010C7BB /* MapView.swift in Sources */,
				FE1681F62CD68D2A00B6367C /* ContentView.swift in Sources */,
				3729F55F2CD6C9D3003EFE7E /* PhaseTimeView.swift in Sources */,
				FE1681F42CD68D2A00B6367C /* MissileGameApp.swift in Sources */,
				A652AB6F2CD6D19C0034D16C /* LobbyView.swift in Sources */,
				3729F5612CD6CECB003EFE7E /* SettingsView.swift in Sources */,
				3729F5392CD6B790003EFE7E /* ToolbarView.swift in Sources */,
			);
			runOnlyForDeploymentPostprocessing = 0;
		};
/* End PBXSourcesBuildPhase section */

/* Begin XCBuildConfiguration section */
		FE1681FC2CD68D2B00B6367C /* Debug */ = {
			isa = XCBuildConfiguration;
			buildSettings = {
				ALWAYS_SEARCH_USER_PATHS = NO;
				ASSETCATALOG_COMPILER_GENERATE_SWIFT_ASSET_SYMBOL_EXTENSIONS = YES;
				CLANG_ANALYZER_NONNULL = YES;
				CLANG_ANALYZER_NUMBER_OBJECT_CONVERSION = YES_AGGRESSIVE;
				CLANG_CXX_LANGUAGE_STANDARD = "gnu++20";
				CLANG_ENABLE_MODULES = YES;
				CLANG_ENABLE_OBJC_ARC = YES;
				CLANG_ENABLE_OBJC_WEAK = YES;
				CLANG_WARN_BLOCK_CAPTURE_AUTORELEASING = YES;
				CLANG_WARN_BOOL_CONVERSION = YES;
				CLANG_WARN_COMMA = YES;
				CLANG_WARN_CONSTANT_CONVERSION = YES;
				CLANG_WARN_DEPRECATED_OBJC_IMPLEMENTATIONS = YES;
				CLANG_WARN_DIRECT_OBJC_ISA_USAGE = YES_ERROR;
				CLANG_WARN_DOCUMENTATION_COMMENTS = YES;
				CLANG_WARN_EMPTY_BODY = YES;
				CLANG_WARN_ENUM_CONVERSION = YES;
				CLANG_WARN_INFINITE_RECURSION = YES;
				CLANG_WARN_INT_CONVERSION = YES;
				CLANG_WARN_NON_LITERAL_NULL_CONVERSION = YES;
				CLANG_WARN_OBJC_IMPLICIT_RETAIN_SELF = YES;
				CLANG_WARN_OBJC_LITERAL_CONVERSION = YES;
				CLANG_WARN_OBJC_ROOT_CLASS = YES_ERROR;
				CLANG_WARN_QUOTED_INCLUDE_IN_FRAMEWORK_HEADER = YES;
				CLANG_WARN_RANGE_LOOP_ANALYSIS = YES;
				CLANG_WARN_STRICT_PROTOTYPES = YES;
				CLANG_WARN_SUSPICIOUS_MOVE = YES;
				CLANG_WARN_UNGUARDED_AVAILABILITY = YES_AGGRESSIVE;
				CLANG_WARN_UNREACHABLE_CODE = YES;
				CLANG_WARN__DUPLICATE_METHOD_MATCH = YES;
				COPY_PHASE_STRIP = NO;
				DEBUG_INFORMATION_FORMAT = dwarf;
				ENABLE_STRICT_OBJC_MSGSEND = YES;
				ENABLE_TESTABILITY = YES;
				ENABLE_USER_SCRIPT_SANDBOXING = YES;
				GCC_C_LANGUAGE_STANDARD = gnu17;
				GCC_DYNAMIC_NO_PIC = NO;
				GCC_NO_COMMON_BLOCKS = YES;
				GCC_OPTIMIZATION_LEVEL = 0;
				GCC_PREPROCESSOR_DEFINITIONS = (
					"DEBUG=1",
					"$(inherited)",
				);
				GCC_WARN_64_TO_32_BIT_CONVERSION = YES;
				GCC_WARN_ABOUT_RETURN_TYPE = YES_ERROR;
				GCC_WARN_UNDECLARED_SELECTOR = YES;
				GCC_WARN_UNINITIALIZED_AUTOS = YES_AGGRESSIVE;
				GCC_WARN_UNUSED_FUNCTION = YES;
				GCC_WARN_UNUSED_VARIABLE = YES;
				IPHONEOS_DEPLOYMENT_TARGET = 17.5;
				LOCALIZATION_PREFERS_STRING_CATALOGS = YES;
				MTL_ENABLE_DEBUG_INFO = INCLUDE_SOURCE;
				MTL_FAST_MATH = YES;
				ONLY_ACTIVE_ARCH = YES;
				SDKROOT = iphoneos;
				SWIFT_ACTIVE_COMPILATION_CONDITIONS = "DEBUG $(inherited)";
				SWIFT_OPTIMIZATION_LEVEL = "-Onone";
			};
			name = Debug;
		};
		FE1681FD2CD68D2B00B6367C /* Release */ = {
			isa = XCBuildConfiguration;
			buildSettings = {
				ALWAYS_SEARCH_USER_PATHS = NO;
				ASSETCATALOG_COMPILER_GENERATE_SWIFT_ASSET_SYMBOL_EXTENSIONS = YES;
				CLANG_ANALYZER_NONNULL = YES;
				CLANG_ANALYZER_NUMBER_OBJECT_CONVERSION = YES_AGGRESSIVE;
				CLANG_CXX_LANGUAGE_STANDARD = "gnu++20";
				CLANG_ENABLE_MODULES = YES;
				CLANG_ENABLE_OBJC_ARC = YES;
				CLANG_ENABLE_OBJC_WEAK = YES;
				CLANG_WARN_BLOCK_CAPTURE_AUTORELEASING = YES;
				CLANG_WARN_BOOL_CONVERSION = YES;
				CLANG_WARN_COMMA = YES;
				CLANG_WARN_CONSTANT_CONVERSION = YES;
				CLANG_WARN_DEPRECATED_OBJC_IMPLEMENTATIONS = YES;
				CLANG_WARN_DIRECT_OBJC_ISA_USAGE = YES_ERROR;
				CLANG_WARN_DOCUMENTATION_COMMENTS = YES;
				CLANG_WARN_EMPTY_BODY = YES;
				CLANG_WARN_ENUM_CONVERSION = YES;
				CLANG_WARN_INFINITE_RECURSION = YES;
				CLANG_WARN_INT_CONVERSION = YES;
				CLANG_WARN_NON_LITERAL_NULL_CONVERSION = YES;
				CLANG_WARN_OBJC_IMPLICIT_RETAIN_SELF = YES;
				CLANG_WARN_OBJC_LITERAL_CONVERSION = YES;
				CLANG_WARN_OBJC_ROOT_CLASS = YES_ERROR;
				CLANG_WARN_QUOTED_INCLUDE_IN_FRAMEWORK_HEADER = YES;
				CLANG_WARN_RANGE_LOOP_ANALYSIS = YES;
				CLANG_WARN_STRICT_PROTOTYPES = YES;
				CLANG_WARN_SUSPICIOUS_MOVE = YES;
				CLANG_WARN_UNGUARDED_AVAILABILITY = YES_AGGRESSIVE;
				CLANG_WARN_UNREACHABLE_CODE = YES;
				CLANG_WARN__DUPLICATE_METHOD_MATCH = YES;
				COPY_PHASE_STRIP = NO;
				DEBUG_INFORMATION_FORMAT = "dwarf-with-dsym";
				ENABLE_NS_ASSERTIONS = NO;
				ENABLE_STRICT_OBJC_MSGSEND = YES;
				ENABLE_USER_SCRIPT_SANDBOXING = YES;
				GCC_C_LANGUAGE_STANDARD = gnu17;
				GCC_NO_COMMON_BLOCKS = YES;
				GCC_WARN_64_TO_32_BIT_CONVERSION = YES;
				GCC_WARN_ABOUT_RETURN_TYPE = YES_ERROR;
				GCC_WARN_UNDECLARED_SELECTOR = YES;
				GCC_WARN_UNINITIALIZED_AUTOS = YES_AGGRESSIVE;
				GCC_WARN_UNUSED_FUNCTION = YES;
				GCC_WARN_UNUSED_VARIABLE = YES;
				IPHONEOS_DEPLOYMENT_TARGET = 17.5;
				LOCALIZATION_PREFERS_STRING_CATALOGS = YES;
				MTL_ENABLE_DEBUG_INFO = NO;
				MTL_FAST_MATH = YES;
				SDKROOT = iphoneos;
				SWIFT_COMPILATION_MODE = wholemodule;
				VALIDATE_PRODUCT = YES;
			};
			name = Release;
		};
		FE1681FF2CD68D2B00B6367C /* Debug */ = {
			isa = XCBuildConfiguration;
			buildSettings = {
				ASSETCATALOG_COMPILER_APPICON_NAME = AppIcon;
				ASSETCATALOG_COMPILER_GLOBAL_ACCENT_COLOR_NAME = AccentColor;
				CODE_SIGN_ENTITLEMENTS = MissileGame/MissileGame.entitlements;
				CODE_SIGN_STYLE = Automatic;
				CURRENT_PROJECT_VERSION = 1;
				DEVELOPMENT_ASSET_PATHS = "\"MissileGame/Preview Content\"";
				DEVELOPMENT_TEAM = 9474QKS27P;
				ENABLE_PREVIEWS = YES;
				GENERATE_INFOPLIST_FILE = YES;
				INFOPLIST_FILE = MissileGame/Info.plist;
				INFOPLIST_KEY_NSLocationAlwaysAndWhenInUseUsageDescription = "Please allow us to access your location!";
				INFOPLIST_KEY_NSLocationAlwaysUsageDescription = "Please allow us to access your location!";
				INFOPLIST_KEY_NSLocationWhenInUseUsageDescription = "Please allow us to access your location!";
				INFOPLIST_KEY_UIApplicationSceneManifest_Generation = YES;
				INFOPLIST_KEY_UIApplicationSupportsIndirectInputEvents = YES;
				INFOPLIST_KEY_UILaunchScreen_Generation = YES;
				INFOPLIST_KEY_UISupportedInterfaceOrientations_iPad = "UIInterfaceOrientationPortrait UIInterfaceOrientationPortraitUpsideDown UIInterfaceOrientationLandscapeLeft UIInterfaceOrientationLandscapeRight";
				INFOPLIST_KEY_UISupportedInterfaceOrientations_iPhone = "UIInterfaceOrientationPortrait UIInterfaceOrientationLandscapeLeft UIInterfaceOrientationLandscapeRight";
				IPHONEOS_DEPLOYMENT_TARGET = 18.0;
				LD_RUNPATH_SEARCH_PATHS = (
					"$(inherited)",
					"@executable_path/Frameworks",
				);
				MARKETING_VERSION = 1.0;
				PRODUCT_BUNDLE_IDENTIFIER = com.ryderklein.MissileGame;
				PRODUCT_NAME = "$(TARGET_NAME)";
				SWIFT_EMIT_LOC_STRINGS = YES;
				SWIFT_VERSION = 5.0;
				TARGETED_DEVICE_FAMILY = "1,2";
			};
			name = Debug;
		};
		FE1682002CD68D2B00B6367C /* Release */ = {
			isa = XCBuildConfiguration;
			buildSettings = {
				ASSETCATALOG_COMPILER_APPICON_NAME = AppIcon;
				ASSETCATALOG_COMPILER_GLOBAL_ACCENT_COLOR_NAME = AccentColor;
				CODE_SIGN_ENTITLEMENTS = MissileGame/MissileGame.entitlements;
				CODE_SIGN_STYLE = Automatic;
				CURRENT_PROJECT_VERSION = 1;
				DEVELOPMENT_ASSET_PATHS = "\"MissileGame/Preview Content\"";
				DEVELOPMENT_TEAM = 9474QKS27P;
				ENABLE_PREVIEWS = YES;
				GENERATE_INFOPLIST_FILE = YES;
				INFOPLIST_FILE = MissileGame/Info.plist;
				INFOPLIST_KEY_NSLocationAlwaysAndWhenInUseUsageDescription = "Please allow us to access your location!";
				INFOPLIST_KEY_NSLocationAlwaysUsageDescription = "Please allow us to access your location!";
				INFOPLIST_KEY_NSLocationWhenInUseUsageDescription = "Please allow us to access your location!";
				INFOPLIST_KEY_UIApplicationSceneManifest_Generation = YES;
				INFOPLIST_KEY_UIApplicationSupportsIndirectInputEvents = YES;
				INFOPLIST_KEY_UILaunchScreen_Generation = YES;
				INFOPLIST_KEY_UISupportedInterfaceOrientations_iPad = "UIInterfaceOrientationPortrait UIInterfaceOrientationPortraitUpsideDown UIInterfaceOrientationLandscapeLeft UIInterfaceOrientationLandscapeRight";
				INFOPLIST_KEY_UISupportedInterfaceOrientations_iPhone = "UIInterfaceOrientationPortrait UIInterfaceOrientationLandscapeLeft UIInterfaceOrientationLandscapeRight";
				IPHONEOS_DEPLOYMENT_TARGET = 18.0;
				LD_RUNPATH_SEARCH_PATHS = (
					"$(inherited)",
					"@executable_path/Frameworks",
				);
				MARKETING_VERSION = 1.0;
				PRODUCT_BUNDLE_IDENTIFIER = com.ryderklein.MissileGame;
				PRODUCT_NAME = "$(TARGET_NAME)";
				SWIFT_EMIT_LOC_STRINGS = YES;
				SWIFT_VERSION = 5.0;
				TARGETED_DEVICE_FAMILY = "1,2";
			};
			name = Release;
		};
/* End XCBuildConfiguration section */

/* Begin XCConfigurationList section */
		FE1681EB2CD68D2A00B6367C /* Build configuration list for PBXProject "MissileGame" */ = {
			isa = XCConfigurationList;
			buildConfigurations = (
				FE1681FC2CD68D2B00B6367C /* Debug */,
				FE1681FD2CD68D2B00B6367C /* Release */,
			);
			defaultConfigurationIsVisible = 0;
			defaultConfigurationName = Release;
		};
		FE1681FE2CD68D2B00B6367C /* Build configuration list for PBXNativeTarget "MissileGame" */ = {
			isa = XCConfigurationList;
			buildConfigurations = (
				FE1681FF2CD68D2B00B6367C /* Debug */,
				FE1682002CD68D2B00B6367C /* Release */,
			);
			defaultConfigurationIsVisible = 0;
			defaultConfigurationName = Release;
		};
/* End XCConfigurationList section */

/* Begin XCRemoteSwiftPackageReference section */
		0DC6D9D12CD6953400E6DB78 /* XCRemoteSwiftPackageReference "Alamofire" */ = {
			isa = XCRemoteSwiftPackageReference;
			repositoryURL = "https://github.com/Alamofire/Alamofire";
			requirement = {
				kind = upToNextMajorVersion;
				minimumVersion = 5.10.1;
			};
		};
/* End XCRemoteSwiftPackageReference section */
	};
	rootObject = FE1681E82CD68D2A00B6367C /* Project object */;
}
